Microsoft Visual Studio Solution File, Format Version 11.00
# Visual Studio 2008

Project("{370A553A-BF6F-EF01-14F4-94AF0BAEF0F1}") = "PatternsHW1", "Assembly-CSharp.csproj", "{DD033A21-6639-2132-11D3-1BFCFA6E0566}"
EndProject
Global
	GlobalSection(SolutionConfigurationPlatforms) = preSolution
		Debug|Any CPU = Debug|Any CPU
		Release|Any CPU = Release|Any CPU
	EndGlobalSection
	GlobalSection(ProjectConfigurationPlatforms) = postSolution
		{DD033A21-6639-2132-11D3-1BFCFA6E0566}.Debug|Any CPU.ActiveCfg = Debug|Any CPU
		{DD033A21-6639-2132-11D3-1BFCFA6E0566}.Debug|Any CPU.Build.0 = Debug|Any CPU
		{DD033A21-6639-2132-11D3-1BFCFA6E0566}.Release|Any CPU.ActiveCfg = Release|Any CPU
		{DD033A21-6639-2132-11D3-1BFCFA6E0566}.Release|Any CPU.Build.0 = Release|Any CPU
	EndGlobalSection
	GlobalSection(SolutionProperties) = preSolution
		HideSolutionNode = FALSE
	EndGlobalSection
	GlobalSection(MonoDevelopProperties) = preSolution
		StartupItem = Assembly-CSharp.csproj
	EndGlobalSection
EndGlobal
