Microsoft Visual Studio Solution File, Format Version 11.00
# Visual Studio 2008

Project("{0470382C-8D8C-1823-821D-C1710FDE9782}") = "Patterns_HW1", "Assembly-CSharp.csproj", "{912E02A9-B645-269F-E7E2-58641C606171}"
EndProject
Global
	GlobalSection(SolutionConfigurationPlatforms) = preSolution
		Debug|Any CPU = Debug|Any CPU
		Release|Any CPU = Release|Any CPU
	EndGlobalSection
	GlobalSection(ProjectConfigurationPlatforms) = postSolution
		{912E02A9-B645-269F-E7E2-58641C606171}.Debug|Any CPU.ActiveCfg = Debug|Any CPU
		{912E02A9-B645-269F-E7E2-58641C606171}.Debug|Any CPU.Build.0 = Debug|Any CPU
		{912E02A9-B645-269F-E7E2-58641C606171}.Release|Any CPU.ActiveCfg = Release|Any CPU
		{912E02A9-B645-269F-E7E2-58641C606171}.Release|Any CPU.Build.0 = Release|Any CPU
	EndGlobalSection
	GlobalSection(SolutionProperties) = preSolution
		HideSolutionNode = FALSE
	EndGlobalSection
	GlobalSection(MonoDevelopProperties) = preSolution
		StartupItem = Assembly-CSharp.csproj
	EndGlobalSection
EndGlobal
